// !$*UTF8*$!
{
	archiveVersion = 1;
	classes = {
	};
	objectVersion = 55;
	objects = {

/* Begin PBXBuildFile section */
		D648C10627ACFD2D008D079F /* GeofencingDemoApp.swift in Sources */ = {isa = PBXBuildFile; fileRef = D648C10527ACFD2D008D079F /* GeofencingDemoApp.swift */; };
		D648C10827ACFD2D008D079F /* ContentView.swift in Sources */ = {isa = PBXBuildFile; fileRef = D648C10727ACFD2D008D079F /* ContentView.swift */; };
		D648C10A27ACFD2E008D079F /* Assets.xcassets in Resources */ = {isa = PBXBuildFile; fileRef = D648C10927ACFD2E008D079F /* Assets.xcassets */; };
		D648C10D27ACFD2E008D079F /* Preview Assets.xcassets in Resources */ = {isa = PBXBuildFile; fileRef = D648C10C27ACFD2E008D079F /* Preview Assets.xcassets */; };
		D648C11427AD07B9008D079F /* GeofenceRegion.swift in Sources */ = {isa = PBXBuildFile; fileRef = D648C11327AD07B9008D079F /* GeofenceRegion.swift */; };
		D648C11627AD2DA2008D079F /* LocationManager.swift in Sources */ = {isa = PBXBuildFile; fileRef = D648C11527AD2DA2008D079F /* LocationManager.swift */; };
		D648C11827AD330A008D079F /* HomeScreenView.swift in Sources */ = {isa = PBXBuildFile; fileRef = D648C11727AD330A008D079F /* HomeScreenView.swift */; };
		D648C11A27B11BB3008D079F /* GeoSceneDelegate.swift in Sources */ = {isa = PBXBuildFile; fileRef = D648C11927B11BB3008D079F /* GeoSceneDelegate.swift */; };
		D648C11C27B1200A008D079F /* GeoAppDelegate.swift in Sources */ = {isa = PBXBuildFile; fileRef = D648C11B27B1200A008D079F /* GeoAppDelegate.swift */; };
		D648C11E27B14C54008D079F /* UserDefaultHelper.swift in Sources */ = {isa = PBXBuildFile; fileRef = D648C11D27B14C53008D079F /* UserDefaultHelper.swift */; };
/* End PBXBuildFile section */

/* Begin PBXFileReference section */
		D648C10227ACFD2D008D079F /* GeofencingDemo.app */ = {isa = PBXFileReference; explicitFileType = wrapper.application; includeInIndex = 0; path = GeofencingDemo.app; sourceTree = BUILT_PRODUCTS_DIR; };
		D648C10527ACFD2D008D079F /* GeofencingDemoApp.swift */ = {isa = PBXFileReference; lastKnownFileType = sourcecode.swift; path = GeofencingDemoApp.swift; sourceTree = "<group>"; };
		D648C10727ACFD2D008D079F /* ContentView.swift */ = {isa = PBXFileReference; lastKnownFileType = sourcecode.swift; path = ContentView.swift; sourceTree = "<group>"; };
		D648C10927ACFD2E008D079F /* Assets.xcassets */ = {isa = PBXFileReference; lastKnownFileType = folder.assetcatalog; path = Assets.xcassets; sourceTree = "<group>"; };
		D648C10C27ACFD2E008D079F /* Preview Assets.xcassets */ = {isa = PBXFileReference; lastKnownFileType = folder.assetcatalog; path = "Preview Assets.xcassets"; sourceTree = "<group>"; };
		D648C11327AD07B9008D079F /* GeofenceRegion.swift */ = {isa = PBXFileReference; lastKnownFileType = sourcecode.swift; path = GeofenceRegion.swift; sourceTree = "<group>"; };
		D648C11527AD2DA2008D079F /* LocationManager.swift */ = {isa = PBXFileReference; lastKnownFileType = sourcecode.swift; path = LocationManager.swift; sourceTree = "<group>"; };
		D648C11727AD330A008D079F /* HomeScreenView.swift */ = {isa = PBXFileReference; lastKnownFileType = sourcecode.swift; path = HomeScreenView.swift; sourceTree = "<group>"; };
		D648C11927B11BB3008D079F /* GeoSceneDelegate.swift */ = {isa = PBXFileReference; lastKnownFileType = sourcecode.swift; path = GeoSceneDelegate.swift; sourceTree = "<group>"; };
		D648C11B27B1200A008D079F /* GeoAppDelegate.swift */ = {isa = PBXFileReference; lastKnownFileType = sourcecode.swift; path = GeoAppDelegate.swift; sourceTree = "<group>"; };
		D648C11D27B14C53008D079F /* UserDefaultHelper.swift */ = {isa = PBXFileReference; lastKnownFileType = sourcecode.swift; path = UserDefaultHelper.swift; sourceTree = "<group>"; };
/* End PBXFileReference section */

/* Begin PBXFrameworksBuildPhase section */
		D648C0FF27ACFD2D008D079F /* Frameworks */ = {
			isa = PBXFrameworksBuildPhase;
			buildActionMask = 2147483647;
			files = (
			);
			runOnlyForDeploymentPostprocessing = 0;
		};
/* End PBXFrameworksBuildPhase section */

/* Begin PBXGroup section */
		D648C0F927ACFD2D008D079F = {
			isa = PBXGroup;
			children = (
				D648C10427ACFD2D008D079F /* GeofencingDemo */,
				D648C10327ACFD2D008D079F /* Products */,
			);
			sourceTree = "<group>";
		};
		D648C10327ACFD2D008D079F /* Products */ = {
			isa = PBXGroup;
			children = (
				D648C10227ACFD2D008D079F /* GeofencingDemo.app */,
			);
			name = Products;
			sourceTree = "<group>";
		};
		D648C10427ACFD2D008D079F /* GeofencingDemo */ = {
			isa = PBXGroup;
			children = (
				D648C10527ACFD2D008D079F /* GeofencingDemoApp.swift */,
				D648C10727ACFD2D008D079F /* ContentView.swift */,
				D648C10927ACFD2E008D079F /* Assets.xcassets */,
				D648C10B27ACFD2E008D079F /* Preview Content */,
				D648C11327AD07B9008D079F /* GeofenceRegion.swift */,
				D648C11527AD2DA2008D079F /* LocationManager.swift */,
				D648C11727AD330A008D079F /* HomeScreenView.swift */,
				D648C11927B11BB3008D079F /* GeoSceneDelegate.swift */,
				D648C11B27B1200A008D079F /* GeoAppDelegate.swift */,
				D648C11D27B14C53008D079F /* UserDefaultHelper.swift */,
			);
			path = GeofencingDemo;
			sourceTree = "<group>";
		};
		D648C10B27ACFD2E008D079F /* Preview Content */ = {
			isa = PBXGroup;
			children = (
				D648C10C27ACFD2E008D079F /* Preview Assets.xcassets */,
			);
			path = "Preview Content";
			sourceTree = "<group>";
		};
/* End PBXGroup section */

/* Begin PBXNativeTarget section */
		D648C10127ACFD2D008D079F /* GeofencingDemo */ = {
			isa = PBXNativeTarget;
			buildConfigurationList = D648C11027ACFD2E008D079F /* Build configuration list for PBXNativeTarget "GeofencingDemo" */;
			buildPhases = (
				D648C0FE27ACFD2D008D079F /* Sources */,
				D648C0FF27ACFD2D008D079F /* Frameworks */,
				D648C10027ACFD2D008D079F /* Resources */,
			);
			buildRules = (
			);
			dependencies = (
			);
			name = GeofencingDemo;
			productName = GeofencingDemo;
			productReference = D648C10227ACFD2D008D079F /* GeofencingDemo.app */;
			productType = "com.apple.product-type.application";
		};
/* End PBXNativeTarget section */

/* Begin PBXProject section */
		D648C0FA27ACFD2D008D079F /* Project object */ = {
			isa = PBXProject;
			attributes = {
				BuildIndependentTargetsInParallel = 1;
				LastSwiftUpdateCheck = 1320;
				LastUpgradeCheck = 1320;
				TargetAttributes = {
					D648C10127ACFD2D008D079F = {
						CreatedOnToolsVersion = 13.2.1;
					};
				};
			};
			buildConfigurationList = D648C0FD27ACFD2D008D079F /* Build configuration list for PBXProject "GeofencingDemo" */;
			compatibilityVersion = "Xcode 13.0";
			developmentRegion = en;
			hasScannedForEncodings = 0;
			knownRegions = (
				en,
				Base,
			);
			mainGroup = D648C0F927ACFD2D008D079F;
			productRefGroup = D648C10327ACFD2D008D079F /* Products */;
			projectDirPath = "";
			projectRoot = "";
			targets = (
				D648C10127ACFD2D008D079F /* GeofencingDemo */,
			);
		};
/* End PBXProject section */

/* Begin PBXResourcesBuildPhase section */
		D648C10027ACFD2D008D079F /* Resources */ = {
			isa = PBXResourcesBuildPhase;
			buildActionMask = 2147483647;
			files = (
				D648C10D27ACFD2E008D079F /* Preview Assets.xcassets in Resources */,
				D648C10A27ACFD2E008D079F /* Assets.xcassets in Resources */,
			);
			runOnlyForDeploymentPostprocessing = 0;
		};
/* End PBXResourcesBuildPhase section */

/* Begin PBXSourcesBuildPhase section */
		D648C0FE27ACFD2D008D079F /* Sources */ = {
			isa = PBXSourcesBuildPhase;
			buildActionMask = 2147483647;
			files = (
				D648C11627AD2DA2008D079F /* LocationManager.swift in Sources */,
				D648C11A27B11BB3008D079F /* GeoSceneDelegate.swift in Sources */,
				D648C10827ACFD2D008D079F /* ContentView.swift in Sources */,
				D648C11C27B1200A008D079F /* GeoAppDelegate.swift in Sources */,
				D648C11827AD330A008D079F /* HomeScreenView.swift in Sources */,
				D648C11427AD07B9008D079F /* GeofenceRegion.swift in Sources */,
				D648C11E27B14C54008D079F /* UserDefaultHelper.swift in Sources */,
				D648C10627ACFD2D008D079F /* GeofencingDemoApp.swift in Sources */,
			);
			runOnlyForDeploymentPostprocessing = 0;
		};
/* End PBXSourcesBuildPhase section */

/* Begin XCBuildConfiguration section */
		D648C10E27ACFD2E008D079F /* Debug */ = {
			isa = XCBuildConfiguration;
			buildSettings = {
				ALWAYS_SEARCH_USER_PATHS = NO;
				CLANG_ANALYZER_NONNULL = YES;
				CLANG_ANALYZER_NUMBER_OBJECT_CONVERSION = YES_AGGRESSIVE;
				CLANG_CXX_LANGUAGE_STANDARD = "gnu++17";
				CLANG_CXX_LIBRARY = "libc++";
				CLANG_ENABLE_MODULES = YES;
				CLANG_ENABLE_OBJC_ARC = YES;
				CLANG_ENABLE_OBJC_WEAK = YES;
				CLANG_WARN_BLOCK_CAPTURE_AUTORELEASING = YES;
				CLANG_WARN_BOOL_CONVERSION = YES;
				CLANG_WARN_COMMA = YES;
				CLANG_WARN_CONSTANT_CONVERSION = YES;
				CLANG_WARN_DEPRECATED_OBJC_IMPLEMENTATIONS = YES;
				CLANG_WARN_DIRECT_OBJC_ISA_USAGE = YES_ERROR;
				CLANG_WARN_DOCUMENTATION_COMMENTS = YES;
				CLANG_WARN_EMPTY_BODY = YES;
				CLANG_WARN_ENUM_CONVERSION = YES;
				CLANG_WARN_INFINITE_RECURSION = YES;
				CLANG_WARN_INT_CONVERSION = YES;
				CLANG_WARN_NON_LITERAL_NULL_CONVERSION = YES;
				CLANG_WARN_OBJC_IMPLICIT_RETAIN_SELF = YES;
				CLANG_WARN_OBJC_LITERAL_CONVERSION = YES;
				CLANG_WARN_OBJC_ROOT_CLASS = YES_ERROR;
				CLANG_WARN_QUOTED_INCLUDE_IN_FRAMEWORK_HEADER = YES;
				CLANG_WARN_RANGE_LOOP_ANALYSIS = YES;
				CLANG_WARN_STRICT_PROTOTYPES = YES;
				CLANG_WARN_SUSPICIOUS_MOVE = YES;
				CLANG_WARN_UNGUARDED_AVAILABILITY = YES_AGGRESSIVE;
				CLANG_WARN_UNREACHABLE_CODE = YES;
				CLANG_WARN__DUPLICATE_METHOD_MATCH = YES;
				COPY_PHASE_STRIP = NO;
				DEBUG_INFORMATION_FORMAT = dwarf;
				ENABLE_STRICT_OBJC_MSGSEND = YES;
				ENABLE_TESTABILITY = YES;
				GCC_C_LANGUAGE_STANDARD = gnu11;
				GCC_DYNAMIC_NO_PIC = NO;
				GCC_NO_COMMON_BLOCKS = YES;
				GCC_OPTIMIZATION_LEVEL = 0;
				GCC_PREPROCESSOR_DEFINITIONS = (
					"DEBUG=1",
					"$(inherited)",
				);
				GCC_WARN_64_TO_32_BIT_CONVERSION = YES;
				GCC_WARN_ABOUT_RETURN_TYPE = YES_ERROR;
				GCC_WARN_UNDECLARED_SELECTOR = YES;
				GCC_WARN_UNINITIALIZED_AUTOS = YES_AGGRESSIVE;
				GCC_WARN_UNUSED_FUNCTION = YES;
				GCC_WARN_UNUSED_VARIABLE = YES;
				IPHONEOS_DEPLOYMENT_TARGET = 15.2;
				MTL_ENABLE_DEBUG_INFO = INCLUDE_SOURCE;
				MTL_FAST_MATH = YES;
				ONLY_ACTIVE_ARCH = YES;
				SDKROOT = iphoneos;
				SWIFT_ACTIVE_COMPILATION_CONDITIONS = DEBUG;
				SWIFT_OPTIMIZATION_LEVEL = "-Onone";
			};
			name = Debug;
		};
		D648C10F27ACFD2E008D079F /* Release */ = {
			isa = XCBuildConfiguration;
			buildSettings = {
				ALWAYS_SEARCH_USER_PATHS = NO;
				CLANG_ANALYZER_NONNULL = YES;
				CLANG_ANALYZER_NUMBER_OBJECT_CONVERSION = YES_AGGRESSIVE;
				CLANG_CXX_LANGUAGE_STANDARD = "gnu++17";
				CLANG_CXX_LIBRARY = "libc++";
				CLANG_ENABLE_MODULES = YES;
				CLANG_ENABLE_OBJC_ARC = YES;
				CLANG_ENABLE_OBJC_WEAK = YES;
				CLANG_WARN_BLOCK_CAPTURE_AUTORELEASING = YES;
				CLANG_WARN_BOOL_CONVERSION = YES;
				CLANG_WARN_COMMA = YES;
				CLANG_WARN_CONSTANT_CONVERSION = YES;
				CLANG_WARN_DEPRECATED_OBJC_IMPLEMENTATIONS = YES;
				CLANG_WARN_DIRECT_OBJC_ISA_USAGE = YES_ERROR;
				CLANG_WARN_DOCUMENTATION_COMMENTS = YES;
				CLANG_WARN_EMPTY_BODY = YES;
				CLANG_WARN_ENUM_CONVERSION = YES;
				CLANG_WARN_INFINITE_RECURSION = YES;
				CLANG_WARN_INT_CONVERSION = YES;
				CLANG_WARN_NON_LITERAL_NULL_CONVERSION = YES;
				CLANG_WARN_OBJC_IMPLICIT_RETAIN_SELF = YES;
				CLANG_WARN_OBJC_LITERAL_CONVERSION = YES;
				CLANG_WARN_OBJC_ROOT_CLASS = YES_ERROR;
				CLANG_WARN_QUOTED_INCLUDE_IN_FRAMEWORK_HEADER = YES;
				CLANG_WARN_RANGE_LOOP_ANALYSIS = YES;
				CLANG_WARN_STRICT_PROTOTYPES = YES;
				CLANG_WARN_SUSPICIOUS_MOVE = YES;
				CLANG_WARN_UNGUARDED_AVAILABILITY = YES_AGGRESSIVE;
				CLANG_WARN_UNREACHABLE_CODE = YES;
				CLANG_WARN__DUPLICATE_METHOD_MATCH = YES;
				COPY_PHASE_STRIP = NO;
				DEBUG_INFORMATION_FORMAT = "dwarf-with-dsym";
				ENABLE_NS_ASSERTIONS = NO;
				ENABLE_STRICT_OBJC_MSGSEND = YES;
				GCC_C_LANGUAGE_STANDARD = gnu11;
				GCC_NO_COMMON_BLOCKS = YES;
				GCC_WARN_64_TO_32_BIT_CONVERSION = YES;
				GCC_WARN_ABOUT_RETURN_TYPE = YES_ERROR;
				GCC_WARN_UNDECLARED_SELECTOR = YES;
				GCC_WARN_UNINITIALIZED_AUTOS = YES_AGGRESSIVE;
				GCC_WARN_UNUSED_FUNCTION = YES;
				GCC_WARN_UNUSED_VARIABLE = YES;
				IPHONEOS_DEPLOYMENT_TARGET = 15.2;
				MTL_ENABLE_DEBUG_INFO = NO;
				MTL_FAST_MATH = YES;
				SDKROOT = iphoneos;
				SWIFT_COMPILATION_MODE = wholemodule;
				SWIFT_OPTIMIZATION_LEVEL = "-O";
				VALIDATE_PRODUCT = YES;
			};
			name = Release;
		};
		D648C11127ACFD2E008D079F /* Debug */ = {
			isa = XCBuildConfiguration;
			buildSettings = {
				ASSETCATALOG_COMPILER_APPICON_NAME = AppIcon;
				ASSETCATALOG_COMPILER_GLOBAL_ACCENT_COLOR_NAME = AccentColor;
				CODE_SIGN_STYLE = Automatic;
				CURRENT_PROJECT_VERSION = 1;
				DEVELOPMENT_ASSET_PATHS = "\"GeofencingDemo/Preview Content\"";
				DEVELOPMENT_TEAM = TCBV2BYTKV;
				ENABLE_PREVIEWS = YES;
				GENERATE_INFOPLIST_FILE = YES;
				INFOPLIST_KEY_NSLocationAlwaysAndWhenInUseUsageDescription = "application requires location";
				INFOPLIST_KEY_NSLocationAlwaysUsageDescription = "application requires location";
				INFOPLIST_KEY_NSLocationUsageDescription = "application requires location";
				INFOPLIST_KEY_NSLocationWhenInUseUsageDescription = "application wants to use location";
				INFOPLIST_KEY_UIApplicationSceneManifest_Generation = YES;
				INFOPLIST_KEY_UIApplicationSupportsIndirectInputEvents = YES;
				INFOPLIST_KEY_UILaunchScreen_Generation = YES;
				INFOPLIST_KEY_UISupportedInterfaceOrientations_iPad = "UIInterfaceOrientationPortrait UIInterfaceOrientationPortraitUpsideDown UIInterfaceOrientationLandscapeLeft UIInterfaceOrientationLandscapeRight";
				INFOPLIST_KEY_UISupportedInterfaceOrientations_iPhone = "UIInterfaceOrientationPortrait UIInterfaceOrientationLandscapeLeft UIInterfaceOrientationLandscapeRight";
				IPHONEOS_DEPLOYMENT_TARGET = 15.2;
				LD_RUNPATH_SEARCH_PATHS = (
					"$(inherited)",
					"@executable_path/Frameworks",
				);
				MARKETING_VERSION = 1.0;
				PRODUCT_BUNDLE_IDENTIFIER = roro.GeofencingDemo;
				PRODUCT_NAME = "$(TARGET_NAME)";
				SWIFT_EMIT_LOC_STRINGS = YES;
				SWIFT_VERSION = 5.0;
				TARGETED_DEVICE_FAMILY = "1,2";
			};
			name = Debug;
		};
		D648C11227ACFD2E008D079F /* Release */ = {
			isa = XCBuildConfiguration;
			buildSettings = {
				ASSETCATALOG_COMPILER_APPICON_NAME = AppIcon;
				ASSETCATALOG_COMPILER_GLOBAL_ACCENT_COLOR_NAME = AccentColor;
				CODE_SIGN_STYLE = Automatic;
				CURRENT_PROJECT_VERSION = 1;
				DEVELOPMENT_ASSET_PATHS = "\"GeofencingDemo/Preview Content\"";
				DEVELOPMENT_TEAM = TCBV2BYTKV;
				ENABLE_PREVIEWS = YES;
				GENERATE_INFOPLIST_FILE = YES;
				INFOPLIST_KEY_NSLocationAlwaysAndWhenInUseUsageDescription = "application requires location";
				INFOPLIST_KEY_NSLocationAlwaysUsageDescription = "application requires location";
				INFOPLIST_KEY_NSLocationUsageDescription = "application requires location";
				INFOPLIST_KEY_NSLocationWhenInUseUsageDescription = "application wants to use location";
				INFOPLIST_KEY_UIApplicationSceneManifest_Generation = YES;
				INFOPLIST_KEY_UIApplicationSupportsIndirectInputEvents = YES;
				INFOPLIST_KEY_UILaunchScreen_Generation = YES;
				INFOPLIST_KEY_UISupportedInterfaceOrientations_iPad = "UIInterfaceOrientationPortrait UIInterfaceOrientationPortraitUpsideDown UIInterfaceOrientationLandscapeLeft UIInterfaceOrientationLandscapeRight";
				INFOPLIST_KEY_UISupportedInterfaceOrientations_iPhone = "UIInterfaceOrientationPortrait UIInterfaceOrientationLandscapeLeft UIInterfaceOrientationLandscapeRight";
				IPHONEOS_DEPLOYMENT_TARGET = 15.2;
				LD_RUNPATH_SEARCH_PATHS = (
					"$(inherited)",
					"@executable_path/Frameworks",
				);
				MARKETING_VERSION = 1.0;
				PRODUCT_BUNDLE_IDENTIFIER = roro.GeofencingDemo;
				PRODUCT_NAME = "$(TARGET_NAME)";
				SWIFT_EMIT_LOC_STRINGS = YES;
				SWIFT_VERSION = 5.0;
				TARGETED_DEVICE_FAMILY = "1,2";
			};
			name = Release;
		};
/* End XCBuildConfiguration section */

/* Begin XCConfigurationList section */
		D648C0FD27ACFD2D008D079F /* Build configuration list for PBXProject "GeofencingDemo" */ = {
			isa = XCConfigurationList;
			buildConfigurations = (
				D648C10E27ACFD2E008D079F /* Debug */,
				D648C10F27ACFD2E008D079F /* Release */,
			);
			defaultConfigurationIsVisible = 0;
			defaultConfigurationName = Release;
		};
		D648C11027ACFD2E008D079F /* Build configuration list for PBXNativeTarget "GeofencingDemo" */ = {
			isa = XCConfigurationList;
			buildConfigurations = (
				D648C11127ACFD2E008D079F /* Debug */,
				D648C11227ACFD2E008D079F /* Release */,
			);
			defaultConfigurationIsVisible = 0;
			defaultConfigurationName = Release;
		};
/* End XCConfigurationList section */
	};
	rootObject = D648C0FA27ACFD2D008D079F /* Project object */;
}
